
Microsoft Visual Studio Solution File, Format Version 12.00
# Visual Studio 15
VisualStudioVersion = 15.0.28307.539
MinimumVisualStudioVersion = 10.0.40219.1
Project("{FAE04EC0-301F-11D3-BF4B-00C04F79EFBC}") = "P01.Concert", "P01.Concert\P01.Concert.csproj", "{F78D2112-F089-465A-A704-F23B1974A8CA}"
EndProject
Project("{FAE04EC0-301F-11D3-BF4B-00C04F79EFBC}") = "P02.SongEncryption", "P02.SongEncryption\P02.SongEncryption.csproj", "{12ADB330-CEE8-4E90-B169-672E44FE2315}"
EndProject
Global
	GlobalSection(SolutionConfigurationPlatforms) = preSolution
		Debug|Any CPU = Debug|Any CPU
		Release|Any CPU = Release|Any CPU
	EndGlobalSection
	GlobalSection(ProjectConfigurationPlatforms) = postSolution
		{F78D2112-F089-465A-A704-F23B1974A8CA}.Debug|Any CPU.ActiveCfg = Debug|Any CPU
		{F78D2112-F089-465A-A704-F23B1974A8CA}.Debug|Any CPU.Build.0 = Debug|Any CPU
		{F78D2112-F089-465A-A704-F23B1974A8CA}.Release|Any CPU.ActiveCfg = Release|Any CPU
		{F78D2112-F089-465A-A704-F23B1974A8CA}.Release|Any CPU.Build.0 = Release|Any CPU
		{12ADB330-CEE8-4E90-B169-672E44FE2315}.Debug|Any CPU.ActiveCfg = Debug|Any CPU
		{12ADB330-CEE8-4E90-B169-672E44FE2315}.Debug|Any CPU.Build.0 = Debug|Any CPU
		{12ADB330-CEE8-4E90-B169-672E44FE2315}.Release|Any CPU.ActiveCfg = Release|Any CPU
		{12ADB330-CEE8-4E90-B169-672E44FE2315}.Release|Any CPU.Build.0 = Release|Any CPU
	EndGlobalSection
	GlobalSection(SolutionProperties) = preSolution
		HideSolutionNode = FALSE
	EndGlobalSection
	GlobalSection(ExtensibilityGlobals) = postSolution
		SolutionGuid = {7EAFD82B-98B8-4B7F-A0A9-93B1E0DCE1DF}
	EndGlobalSection
EndGlobal
