
Microsoft Visual Studio Solution File, Format Version 12.00
# Visual Studio 15
VisualStudioVersion = 15.0.28307.539
MinimumVisualStudioVersion = 10.0.40219.1
Project("{9A19103F-16F7-4668-BE54-9A1E7A4F7556}") = "TeisterMask", "TeisterMask.csproj", "{A0FD83B1-AEC2-41BB-8637-45E11DA04A40}"
EndProject
Global
	GlobalSection(SolutionConfigurationPlatforms) = preSolution
		Debug|Any CPU = Debug|Any CPU
		Release|Any CPU = Release|Any CPU
	EndGlobalSection
	GlobalSection(ProjectConfigurationPlatforms) = postSolution
		{A0FD83B1-AEC2-41BB-8637-45E11DA04A40}.Debug|Any CPU.ActiveCfg = Debug|Any CPU
		{A0FD83B1-AEC2-41BB-8637-45E11DA04A40}.Debug|Any CPU.Build.0 = Debug|Any CPU
		{A0FD83B1-AEC2-41BB-8637-45E11DA04A40}.Release|Any CPU.ActiveCfg = Release|Any CPU
		{A0FD83B1-AEC2-41BB-8637-45E11DA04A40}.Release|Any CPU.Build.0 = Release|Any CPU
	EndGlobalSection
	GlobalSection(SolutionProperties) = preSolution
		HideSolutionNode = FALSE
	EndGlobalSection
	GlobalSection(ExtensibilityGlobals) = postSolution
		SolutionGuid = {8DED9988-0FA0-42A8-89B8-4B86B4A5FD3D}
	EndGlobalSection
EndGlobal
