
Microsoft Visual Studio Solution File, Format Version 12.00
# Visual Studio 15
VisualStudioVersion = 15.0.28307.539
MinimumVisualStudioVersion = 10.0.40219.1
Project("{FAE04EC0-301F-11D3-BF4B-00C04F79EFBC}") = "01.Dictionary", "Dictionary\01.Dictionary.csproj", "{1A8252E6-EE49-4EE8-8C51-86539922EF80}"
EndProject
Project("{FAE04EC0-301F-11D3-BF4B-00C04F79EFBC}") = "02.Deciphering", "02.Deciphering\02.Deciphering.csproj", "{60847026-E9A6-4FDB-96FB-B204F69D13B9}"
EndProject
Global
	GlobalSection(SolutionConfigurationPlatforms) = preSolution
		Debug|Any CPU = Debug|Any CPU
		Release|Any CPU = Release|Any CPU
	EndGlobalSection
	GlobalSection(ProjectConfigurationPlatforms) = postSolution
		{1A8252E6-EE49-4EE8-8C51-86539922EF80}.Debug|Any CPU.ActiveCfg = Debug|Any CPU
		{1A8252E6-EE49-4EE8-8C51-86539922EF80}.Debug|Any CPU.Build.0 = Debug|Any CPU
		{1A8252E6-EE49-4EE8-8C51-86539922EF80}.Release|Any CPU.ActiveCfg = Release|Any CPU
		{1A8252E6-EE49-4EE8-8C51-86539922EF80}.Release|Any CPU.Build.0 = Release|Any CPU
		{60847026-E9A6-4FDB-96FB-B204F69D13B9}.Debug|Any CPU.ActiveCfg = Debug|Any CPU
		{60847026-E9A6-4FDB-96FB-B204F69D13B9}.Debug|Any CPU.Build.0 = Debug|Any CPU
		{60847026-E9A6-4FDB-96FB-B204F69D13B9}.Release|Any CPU.ActiveCfg = Release|Any CPU
		{60847026-E9A6-4FDB-96FB-B204F69D13B9}.Release|Any CPU.Build.0 = Release|Any CPU
	EndGlobalSection
	GlobalSection(SolutionProperties) = preSolution
		HideSolutionNode = FALSE
	EndGlobalSection
	GlobalSection(ExtensibilityGlobals) = postSolution
		SolutionGuid = {C1B918EF-1AE8-41E4-B510-DC7DA9FBB7A9}
	EndGlobalSection
EndGlobal
