
Microsoft Visual Studio Solution File, Format Version 12.00
# Visual Studio 15
VisualStudioVersion = 15.0.28307.539
MinimumVisualStudioVersion = 10.0.40219.1
Project("{FAE04EC0-301F-11D3-BF4B-00C04F79EFBC}") = "P01.VaporWinterSale", "P01.VaporWinterSale\P01.VaporWinterSale.csproj", "{83775794-1948-4C09-8FDA-702E64FDE7A3}"
EndProject
Project("{FAE04EC0-301F-11D3-BF4B-00C04F79EFBC}") = "P02.ActivationKeys", "P02.ActivationKeys\P02.ActivationKeys.csproj", "{89B36C98-0716-42A3-B2A5-4E017F8B2D4D}"
EndProject
Global
	GlobalSection(SolutionConfigurationPlatforms) = preSolution
		Debug|Any CPU = Debug|Any CPU
		Release|Any CPU = Release|Any CPU
	EndGlobalSection
	GlobalSection(ProjectConfigurationPlatforms) = postSolution
		{83775794-1948-4C09-8FDA-702E64FDE7A3}.Debug|Any CPU.ActiveCfg = Debug|Any CPU
		{83775794-1948-4C09-8FDA-702E64FDE7A3}.Debug|Any CPU.Build.0 = Debug|Any CPU
		{83775794-1948-4C09-8FDA-702E64FDE7A3}.Release|Any CPU.ActiveCfg = Release|Any CPU
		{83775794-1948-4C09-8FDA-702E64FDE7A3}.Release|Any CPU.Build.0 = Release|Any CPU
		{89B36C98-0716-42A3-B2A5-4E017F8B2D4D}.Debug|Any CPU.ActiveCfg = Debug|Any CPU
		{89B36C98-0716-42A3-B2A5-4E017F8B2D4D}.Debug|Any CPU.Build.0 = Debug|Any CPU
		{89B36C98-0716-42A3-B2A5-4E017F8B2D4D}.Release|Any CPU.ActiveCfg = Release|Any CPU
		{89B36C98-0716-42A3-B2A5-4E017F8B2D4D}.Release|Any CPU.Build.0 = Release|Any CPU
	EndGlobalSection
	GlobalSection(SolutionProperties) = preSolution
		HideSolutionNode = FALSE
	EndGlobalSection
	GlobalSection(ExtensibilityGlobals) = postSolution
		SolutionGuid = {4FECD9E1-1733-4E99-8597-E444FB0CE9E7}
	EndGlobalSection
EndGlobal
