
Microsoft Visual Studio Solution File, Format Version 12.00
# Visual Studio 15
VisualStudioVersion = 15.0.28307.539
MinimumVisualStudioVersion = 10.0.40219.1
Project("{FAE04EC0-301F-11D3-BF4B-00C04F79EFBC}") = "Forum", "Forum\Forum.csproj", "{CAEA719E-D86F-4A56-A998-BCE071A2B21A}"
EndProject
Global
	GlobalSection(SolutionConfigurationPlatforms) = preSolution
		Debug|Any CPU = Debug|Any CPU
		Release|Any CPU = Release|Any CPU
	EndGlobalSection
	GlobalSection(ProjectConfigurationPlatforms) = postSolution
		{CAEA719E-D86F-4A56-A998-BCE071A2B21A}.Debug|Any CPU.ActiveCfg = Debug|Any CPU
		{CAEA719E-D86F-4A56-A998-BCE071A2B21A}.Debug|Any CPU.Build.0 = Debug|Any CPU
		{CAEA719E-D86F-4A56-A998-BCE071A2B21A}.Release|Any CPU.ActiveCfg = Release|Any CPU
		{CAEA719E-D86F-4A56-A998-BCE071A2B21A}.Release|Any CPU.Build.0 = Release|Any CPU
	EndGlobalSection
	GlobalSection(SolutionProperties) = preSolution
		HideSolutionNode = FALSE
	EndGlobalSection
	GlobalSection(ExtensibilityGlobals) = postSolution
		SolutionGuid = {73BD02BD-04AB-4AAB-82D5-E1CE4F80BE61}
	EndGlobalSection
EndGlobal
