
Microsoft Visual Studio Solution File, Format Version 12.00
# Visual Studio 15
VisualStudioVersion = 15.0.28307.539
MinimumVisualStudioVersion = 10.0.40219.1
Project("{FAE04EC0-301F-11D3-BF4B-00C04F79EFBC}") = "P01.HuntingGames", "P01.HuntingGames\P01.HuntingGames.csproj", "{A09EEB05-BEB7-4538-9B9D-124D16FA443A}"
EndProject
Project("{FAE04EC0-301F-11D3-BF4B-00C04F79EFBC}") = "P02.SeizeTheFire", "P02.SeizeTheFire\P02.SeizeTheFire.csproj", "{B5CFD3CA-E11A-41FB-8D9F-3C3B953E295E}"
EndProject
Project("{FAE04EC0-301F-11D3-BF4B-00C04F79EFBC}") = "P03.TheFinalQuest", "P03.TheFinalQuest\P03.TheFinalQuest.csproj", "{7B5C2759-67EB-4FD7-90EB-31AC9D8ADF59}"
EndProject
Global
	GlobalSection(SolutionConfigurationPlatforms) = preSolution
		Debug|Any CPU = Debug|Any CPU
		Release|Any CPU = Release|Any CPU
	EndGlobalSection
	GlobalSection(ProjectConfigurationPlatforms) = postSolution
		{A09EEB05-BEB7-4538-9B9D-124D16FA443A}.Debug|Any CPU.ActiveCfg = Debug|Any CPU
		{A09EEB05-BEB7-4538-9B9D-124D16FA443A}.Debug|Any CPU.Build.0 = Debug|Any CPU
		{A09EEB05-BEB7-4538-9B9D-124D16FA443A}.Release|Any CPU.ActiveCfg = Release|Any CPU
		{A09EEB05-BEB7-4538-9B9D-124D16FA443A}.Release|Any CPU.Build.0 = Release|Any CPU
		{B5CFD3CA-E11A-41FB-8D9F-3C3B953E295E}.Debug|Any CPU.ActiveCfg = Debug|Any CPU
		{B5CFD3CA-E11A-41FB-8D9F-3C3B953E295E}.Debug|Any CPU.Build.0 = Debug|Any CPU
		{B5CFD3CA-E11A-41FB-8D9F-3C3B953E295E}.Release|Any CPU.ActiveCfg = Release|Any CPU
		{B5CFD3CA-E11A-41FB-8D9F-3C3B953E295E}.Release|Any CPU.Build.0 = Release|Any CPU
		{7B5C2759-67EB-4FD7-90EB-31AC9D8ADF59}.Debug|Any CPU.ActiveCfg = Debug|Any CPU
		{7B5C2759-67EB-4FD7-90EB-31AC9D8ADF59}.Debug|Any CPU.Build.0 = Debug|Any CPU
		{7B5C2759-67EB-4FD7-90EB-31AC9D8ADF59}.Release|Any CPU.ActiveCfg = Release|Any CPU
		{7B5C2759-67EB-4FD7-90EB-31AC9D8ADF59}.Release|Any CPU.Build.0 = Release|Any CPU
	EndGlobalSection
	GlobalSection(SolutionProperties) = preSolution
		HideSolutionNode = FALSE
	EndGlobalSection
	GlobalSection(ExtensibilityGlobals) = postSolution
		SolutionGuid = {763BB931-4392-4041-BD6D-E4DCB651B775}
	EndGlobalSection
EndGlobal
